
Microsoft Visual Studio Solution File, Format Version 12.00
# Visual Studio Version 16
VisualStudioVersion = 16.0.29519.87
MinimumVisualStudioVersion = 10.0.40219.1
Project("{9A19103F-16F7-4668-BE54-9A1E7A4F7556}") = "BasicCalculator", "BasicCalculator\BasicCalculator.csproj", "{A5C7CD66-34BA-4C8D-A1C9-95510B4C60AB}"
EndProject
Project("{9A19103F-16F7-4668-BE54-9A1E7A4F7556}") = "Multiply", "Multiply\Multiply.csproj", "{826D92B5-B87D-4B85-B36D-A3F3CCCB063E}"
EndProject
Project("{9A19103F-16F7-4668-BE54-9A1E7A4F7556}") = "Divide", "Divide\Divide.csproj", "{63B68D77-22F2-4570-9498-50A0C607E7A4}"
EndProject
Project("{9A19103F-16F7-4668-BE54-9A1E7A4F7556}") = "Operations", "Operations\Operations.csproj", "{94DBF393-F5B8-44C1-943D-82806CD90C6C}"
EndProject
Project("{9A19103F-16F7-4668-BE54-9A1E7A4F7556}") = "Add", "Add\Add.csproj", "{9B263727-7821-4316-9F66-721B099618A5}"
EndProject
Project("{9A19103F-16F7-4668-BE54-9A1E7A4F7556}") = "Subtract", "Subtract\Subtract.csproj", "{301AB977-D1B3-4724-B641-3380A53C1E71}"
EndProject
Project("{FAE04EC0-301F-11D3-BF4B-00C04F79EFBC}") = "Square", "Square\Square.csproj", "{78AE9584-C0CD-4DA5-AC7E-47824D95E72F}"
EndProject
Project("{FAE04EC0-301F-11D3-BF4B-00C04F79EFBC}") = "SquareRoot", "SquareRoot\SquareRoot.csproj", "{54E5F876-665C-4EE9-A0D2-143FCE5AF61E}"
EndProject
Project("{FAE04EC0-301F-11D3-BF4B-00C04F79EFBC}") = "Cube", "Cube\Cube.csproj", "{BEBB5FE4-1558-4CC2-8E18-F6199CEF2987}"
EndProject
Global
	GlobalSection(SolutionConfigurationPlatforms) = preSolution
		Debug|Any CPU = Debug|Any CPU
		Release|Any CPU = Release|Any CPU
	EndGlobalSection
	GlobalSection(ProjectConfigurationPlatforms) = postSolution
		{A5C7CD66-34BA-4C8D-A1C9-95510B4C60AB}.Debug|Any CPU.ActiveCfg = Debug|Any CPU
		{A5C7CD66-34BA-4C8D-A1C9-95510B4C60AB}.Debug|Any CPU.Build.0 = Debug|Any CPU
		{A5C7CD66-34BA-4C8D-A1C9-95510B4C60AB}.Release|Any CPU.ActiveCfg = Release|Any CPU
		{A5C7CD66-34BA-4C8D-A1C9-95510B4C60AB}.Release|Any CPU.Build.0 = Release|Any CPU
		{826D92B5-B87D-4B85-B36D-A3F3CCCB063E}.Debug|Any CPU.ActiveCfg = Debug|Any CPU
		{826D92B5-B87D-4B85-B36D-A3F3CCCB063E}.Debug|Any CPU.Build.0 = Debug|Any CPU
		{826D92B5-B87D-4B85-B36D-A3F3CCCB063E}.Release|Any CPU.ActiveCfg = Release|Any CPU
		{826D92B5-B87D-4B85-B36D-A3F3CCCB063E}.Release|Any CPU.Build.0 = Release|Any CPU
		{63B68D77-22F2-4570-9498-50A0C607E7A4}.Debug|Any CPU.ActiveCfg = Debug|Any CPU
		{63B68D77-22F2-4570-9498-50A0C607E7A4}.Debug|Any CPU.Build.0 = Debug|Any CPU
		{63B68D77-22F2-4570-9498-50A0C607E7A4}.Release|Any CPU.ActiveCfg = Release|Any CPU
		{63B68D77-22F2-4570-9498-50A0C607E7A4}.Release|Any CPU.Build.0 = Release|Any CPU
		{94DBF393-F5B8-44C1-943D-82806CD90C6C}.Debug|Any CPU.ActiveCfg = Debug|Any CPU
		{94DBF393-F5B8-44C1-943D-82806CD90C6C}.Debug|Any CPU.Build.0 = Debug|Any CPU
		{94DBF393-F5B8-44C1-943D-82806CD90C6C}.Release|Any CPU.ActiveCfg = Release|Any CPU
		{94DBF393-F5B8-44C1-943D-82806CD90C6C}.Release|Any CPU.Build.0 = Release|Any CPU
		{9B263727-7821-4316-9F66-721B099618A5}.Debug|Any CPU.ActiveCfg = Debug|Any CPU
		{9B263727-7821-4316-9F66-721B099618A5}.Debug|Any CPU.Build.0 = Debug|Any CPU
		{9B263727-7821-4316-9F66-721B099618A5}.Release|Any CPU.ActiveCfg = Release|Any CPU
		{9B263727-7821-4316-9F66-721B099618A5}.Release|Any CPU.Build.0 = Release|Any CPU
		{301AB977-D1B3-4724-B641-3380A53C1E71}.Debug|Any CPU.ActiveCfg = Debug|Any CPU
		{301AB977-D1B3-4724-B641-3380A53C1E71}.Debug|Any CPU.Build.0 = Debug|Any CPU
		{301AB977-D1B3-4724-B641-3380A53C1E71}.Release|Any CPU.ActiveCfg = Release|Any CPU
		{301AB977-D1B3-4724-B641-3380A53C1E71}.Release|Any CPU.Build.0 = Release|Any CPU
		{78AE9584-C0CD-4DA5-AC7E-47824D95E72F}.Debug|Any CPU.ActiveCfg = Debug|Any CPU
		{78AE9584-C0CD-4DA5-AC7E-47824D95E72F}.Debug|Any CPU.Build.0 = Debug|Any CPU
		{78AE9584-C0CD-4DA5-AC7E-47824D95E72F}.Release|Any CPU.ActiveCfg = Release|Any CPU
		{78AE9584-C0CD-4DA5-AC7E-47824D95E72F}.Release|Any CPU.Build.0 = Release|Any CPU
		{54E5F876-665C-4EE9-A0D2-143FCE5AF61E}.Debug|Any CPU.ActiveCfg = Debug|Any CPU
		{54E5F876-665C-4EE9-A0D2-143FCE5AF61E}.Debug|Any CPU.Build.0 = Debug|Any CPU
		{54E5F876-665C-4EE9-A0D2-143FCE5AF61E}.Release|Any CPU.ActiveCfg = Release|Any CPU
		{54E5F876-665C-4EE9-A0D2-143FCE5AF61E}.Release|Any CPU.Build.0 = Release|Any CPU
		{BEBB5FE4-1558-4CC2-8E18-F6199CEF2987}.Debug|Any CPU.ActiveCfg = Debug|Any CPU
		{BEBB5FE4-1558-4CC2-8E18-F6199CEF2987}.Debug|Any CPU.Build.0 = Debug|Any CPU
		{BEBB5FE4-1558-4CC2-8E18-F6199CEF2987}.Release|Any CPU.ActiveCfg = Release|Any CPU
		{BEBB5FE4-1558-4CC2-8E18-F6199CEF2987}.Release|Any CPU.Build.0 = Release|Any CPU
	EndGlobalSection
	GlobalSection(SolutionProperties) = preSolution
		HideSolutionNode = FALSE
	EndGlobalSection
	GlobalSection(ExtensibilityGlobals) = postSolution
		SolutionGuid = {1F9FAD62-FF96-461B-A39E-6276E31645C3}
	EndGlobalSection
EndGlobal
